
Microsoft Visual Studio Solution File, Format Version 12.00
# Visual Studio 15
VisualStudioVersion = 15.0.26730.16
MinimumVisualStudioVersion = 10.0.40219.1
Project("{9092AA53-FB77-4645-B42D-1CCCA6BD08BD}") = "NodeJSWebsite", "NodeJSWebsite\NodeJSWebsite.njsproj", "{39831912-2682-475C-9C99-297F3EC9350F}"
EndProject
Global
	GlobalSection(SolutionConfigurationPlatforms) = preSolution
		Debug|Any CPU = Debug|Any CPU
		Release|Any CPU = Release|Any CPU
	EndGlobalSection
	GlobalSection(ProjectConfigurationPlatforms) = postSolution
		{39831912-2682-475C-9C99-297F3EC9350F}.Debug|Any CPU.ActiveCfg = Debug|Any CPU
		{39831912-2682-475C-9C99-297F3EC9350F}.Debug|Any CPU.Build.0 = Debug|Any CPU
		{39831912-2682-475C-9C99-297F3EC9350F}.Release|Any CPU.ActiveCfg = Release|Any CPU
		{39831912-2682-475C-9C99-297F3EC9350F}.Release|Any CPU.Build.0 = Release|Any CPU
	EndGlobalSection
	GlobalSection(SolutionProperties) = preSolution
		HideSolutionNode = FALSE
	EndGlobalSection
	GlobalSection(ExtensibilityGlobals) = postSolution
		SolutionGuid = {775BAEE2-E038-4874-98BF-89B4558D58DE}
	EndGlobalSection
EndGlobal
